
Microsoft Visual Studio Solution File, Format Version 12.00
Project("{FAE04EC0-301F-11D3-BF4B-00C04F79EFBC}") = "TaiChi.SocketKit", "TaiChi.SocketKit\TaiChi.SocketKit.csproj", "{169A1BF4-3F6A-4AC7-AE5F-2FA363A710E1}"
EndProject
Project("{FAE04EC0-301F-11D3-BF4B-00C04F79EFBC}") = "TaiChi.Core", "TaiChi.Core\TaiChi.Core.csproj", "{EE3773A7-36C9-4F41-9529-C5DBA2AB0BB6}"
EndProject
Project("{FAE04EC0-301F-11D3-BF4B-00C04F79EFBC}") = "TaiChi.Security", "TaiChi.Security\TaiChi.Security.csproj", "{C3A82DDF-889E-45B7-B442-E62876A6D70A}"
EndProject
Project("{FAE04EC0-301F-11D3-BF4B-00C04F79EFBC}") = "TaiChi.IO", "TaiChi.IO\TaiChi.IO.csproj", "{3C6EE7E2-1AAB-4DC1-9C42-F11DF2526983}"
EndProject
Project("{2150E333-8FDC-42A3-9474-1A3956D46DE8}") = "Test", "Test", "{F8A46F07-1CC6-46BC-BA34-E6F6E735E7A1}"
EndProject
Project("{FAE04EC0-301F-11D3-BF4B-00C04F79EFBC}") = "TaiChi.Mvvm", "TaiChi.Mvvm\TaiChi.Mvvm.csproj", "{CC744B09-F2B2-4C74-9417-B350885DA1FF}"
EndProject
Project("{FAE04EC0-301F-11D3-BF4B-00C04F79EFBC}") = "TaiChi.Wpf", "TaiChi.Wpf\TaiChi.Wpf.csproj", "{B431642F-C86D-4753-A2E3-BE31AF63F56F}"
EndProject
Project("{FAE04EC0-301F-11D3-BF4B-00C04F79EFBC}") = "TaiChi.IO.Ports", "TaiChi.IO.Ports\TaiChi.IO.Ports.csproj", "{AFB7BA29-C0FB-42FC-9DC4-3C308EB473F5}"
EndProject
Project("{FAE04EC0-301F-11D3-BF4B-00C04F79EFBC}") = "TaiChi.MonoGame.UI", "TaiChi.MonoGame.UI\TaiChi.MonoGame.UI.csproj", "{378AC506-F52D-40BA-991D-700D036C0335}"
EndProject
Project("{2150E333-8FDC-42A3-9474-1A3956D46DE8}") = "Upgrade", "Upgrade", "{319E3873-5701-450B-A76D-C0B8DC282839}"
EndProject
Project("{FAE04EC0-301F-11D3-BF4B-00C04F79EFBC}") = "TaiChi.UpgradeKit.Client", "TaiChi.UpgradeKit.Client\TaiChi.UpgradeKit.Client.csproj", "{1BB1FA24-3EEA-4BCD-82D9-A8EC9FAE8BFE}"
EndProject
Project("{FAE04EC0-301F-11D3-BF4B-00C04F79EFBC}") = "TaiChi.UpgradeKit.Server", "TaiChi.UpgradeKit.Server\TaiChi.UpgradeKit.Server.csproj", "{03310D04-E125-45B8-9ADC-6891F904AC00}"
EndProject
Project("{FAE04EC0-301F-11D3-BF4B-00C04F79EFBC}") = "TaiChi.Upgrade.Shared", "TaiChi.Upgrade.Shared\TaiChi.Upgrade.Shared.csproj", "{3E25C944-F774-499F-89EA-354A31841C7B}"
EndProject
Project("{FAE04EC0-301F-11D3-BF4B-00C04F79EFBC}") = "TaiChi.UpgradeKit.Demo", "TaiChi.UpgradeKit.Demo\TaiChi.UpgradeKit.Demo.csproj", "{CCC209C9-301D-4BC6-AD73-FA52D83DE628}"
EndProject
Project("{FAE04EC0-301F-11D3-BF4B-00C04F79EFBC}") = "TaiChi.Office", "TaiChi.Office\TaiChi.Office.csproj", "{DF3F0926-0058-4900-859B-6BFBC46A06B8}"
EndProject
Project("{2150E333-8FDC-42A3-9474-1A3956D46DE8}") = "Examples", "Examples", "{B36A84DF-456D-A817-6EDD-3EC3E7F6E11F}"
EndProject
Project("{FAE04EC0-301F-11D3-BF4B-00C04F79EFBC}") = "TaiChi.Office.Example", "Examples\TaiChi.Office.Example\TaiChi.Office.Example.csproj", "{C91A1E4E-8FC3-4E97-B43E-BF9F3425D11F}"
EndProject
Project("{FAE04EC0-301F-11D3-BF4B-00C04F79EFBC}") = "TaiChi.Office.Test", "Test\TaiChi.Office.Test\TaiChi.Office.Test.csproj", "{91CBCEA3-69AB-4752-8369-DB7AA2A592DB}"
EndProject
Project("{FAE04EC0-301F-11D3-BF4B-00C04F79EFBC}") = "TaiChi.Core.Mvvm", "TaiChi.Core.Mvvm\TaiChi.Core.Mvvm.csproj", "{941ABDB3-59B9-4D65-AA51-65E2A8E597C5}"
EndProject
Project("{FAE04EC0-301F-11D3-BF4B-00C04F79EFBC}") = "TaiChi.Core.Test", "Test\TaiChi.Core.Test\TaiChi.Core.Test.csproj", "{2E3A2742-5351-45D6-B87E-0799E128709A}"
EndProject
Project("{FAE04EC0-301F-11D3-BF4B-00C04F79EFBC}") = "TaiChi.I18n", "TaiChi.I18n\TaiChi.I18n.csproj", "{E4668C93-AD7A-4EA6-BB2D-AD418C3BD3CE}"
EndProject
Project("{FAE04EC0-301F-11D3-BF4B-00C04F79EFBC}") = "TaiChi.I18n.Wpf", "TaiChi.I18n.Wpf\TaiChi.I18n.Wpf.csproj", "{ABE7E9A5-5AFD-493D-ADE5-5918F197FBA1}"
EndProject
Project("{FAE04EC0-301F-11D3-BF4B-00C04F79EFBC}") = "TaiChi.I18n.Web", "TaiChi.I18n.Web\TaiChi.I18n.Web.csproj", "{F91B24CC-EF79-4866-B93C-292BAEBC20A2}"
EndProject
Global
	GlobalSection(SolutionConfigurationPlatforms) = preSolution
		Debug|Any CPU = Debug|Any CPU
		Debug|x64 = Debug|x64
		Debug|x86 = Debug|x86
		Release|Any CPU = Release|Any CPU
		Release|x64 = Release|x64
		Release|x86 = Release|x86
	EndGlobalSection
	GlobalSection(ProjectConfigurationPlatforms) = postSolution
		{169A1BF4-3F6A-4AC7-AE5F-2FA363A710E1}.Debug|Any CPU.ActiveCfg = Debug|Any CPU
		{169A1BF4-3F6A-4AC7-AE5F-2FA363A710E1}.Debug|Any CPU.Build.0 = Debug|Any CPU
		{169A1BF4-3F6A-4AC7-AE5F-2FA363A710E1}.Debug|x64.ActiveCfg = Debug|Any CPU
		{169A1BF4-3F6A-4AC7-AE5F-2FA363A710E1}.Debug|x64.Build.0 = Debug|Any CPU
		{169A1BF4-3F6A-4AC7-AE5F-2FA363A710E1}.Debug|x86.ActiveCfg = Debug|Any CPU
		{169A1BF4-3F6A-4AC7-AE5F-2FA363A710E1}.Debug|x86.Build.0 = Debug|Any CPU
		{169A1BF4-3F6A-4AC7-AE5F-2FA363A710E1}.Release|Any CPU.ActiveCfg = Release|Any CPU
		{169A1BF4-3F6A-4AC7-AE5F-2FA363A710E1}.Release|Any CPU.Build.0 = Release|Any CPU
		{169A1BF4-3F6A-4AC7-AE5F-2FA363A710E1}.Release|x64.ActiveCfg = Release|Any CPU
		{169A1BF4-3F6A-4AC7-AE5F-2FA363A710E1}.Release|x64.Build.0 = Release|Any CPU
		{169A1BF4-3F6A-4AC7-AE5F-2FA363A710E1}.Release|x86.ActiveCfg = Release|Any CPU
		{169A1BF4-3F6A-4AC7-AE5F-2FA363A710E1}.Release|x86.Build.0 = Release|Any CPU
		{EE3773A7-36C9-4F41-9529-C5DBA2AB0BB6}.Debug|Any CPU.ActiveCfg = Debug|Any CPU
		{EE3773A7-36C9-4F41-9529-C5DBA2AB0BB6}.Debug|Any CPU.Build.0 = Debug|Any CPU
		{EE3773A7-36C9-4F41-9529-C5DBA2AB0BB6}.Debug|x64.ActiveCfg = Debug|Any CPU
		{EE3773A7-36C9-4F41-9529-C5DBA2AB0BB6}.Debug|x64.Build.0 = Debug|Any CPU
		{EE3773A7-36C9-4F41-9529-C5DBA2AB0BB6}.Debug|x86.ActiveCfg = Debug|Any CPU
		{EE3773A7-36C9-4F41-9529-C5DBA2AB0BB6}.Debug|x86.Build.0 = Debug|Any CPU
		{EE3773A7-36C9-4F41-9529-C5DBA2AB0BB6}.Release|Any CPU.ActiveCfg = Release|Any CPU
		{EE3773A7-36C9-4F41-9529-C5DBA2AB0BB6}.Release|Any CPU.Build.0 = Release|Any CPU
		{EE3773A7-36C9-4F41-9529-C5DBA2AB0BB6}.Release|x64.ActiveCfg = Release|Any CPU
		{EE3773A7-36C9-4F41-9529-C5DBA2AB0BB6}.Release|x64.Build.0 = Release|Any CPU
		{EE3773A7-36C9-4F41-9529-C5DBA2AB0BB6}.Release|x86.ActiveCfg = Release|Any CPU
		{EE3773A7-36C9-4F41-9529-C5DBA2AB0BB6}.Release|x86.Build.0 = Release|Any CPU
		{C3A82DDF-889E-45B7-B442-E62876A6D70A}.Debug|Any CPU.ActiveCfg = Debug|Any CPU
		{C3A82DDF-889E-45B7-B442-E62876A6D70A}.Debug|Any CPU.Build.0 = Debug|Any CPU
		{C3A82DDF-889E-45B7-B442-E62876A6D70A}.Debug|x64.ActiveCfg = Debug|Any CPU
		{C3A82DDF-889E-45B7-B442-E62876A6D70A}.Debug|x64.Build.0 = Debug|Any CPU
		{C3A82DDF-889E-45B7-B442-E62876A6D70A}.Debug|x86.ActiveCfg = Debug|Any CPU
		{C3A82DDF-889E-45B7-B442-E62876A6D70A}.Debug|x86.Build.0 = Debug|Any CPU
		{C3A82DDF-889E-45B7-B442-E62876A6D70A}.Release|Any CPU.ActiveCfg = Release|Any CPU
		{C3A82DDF-889E-45B7-B442-E62876A6D70A}.Release|Any CPU.Build.0 = Release|Any CPU
		{C3A82DDF-889E-45B7-B442-E62876A6D70A}.Release|x64.ActiveCfg = Release|Any CPU
		{C3A82DDF-889E-45B7-B442-E62876A6D70A}.Release|x64.Build.0 = Release|Any CPU
		{C3A82DDF-889E-45B7-B442-E62876A6D70A}.Release|x86.ActiveCfg = Release|Any CPU
		{C3A82DDF-889E-45B7-B442-E62876A6D70A}.Release|x86.Build.0 = Release|Any CPU
		{3C6EE7E2-1AAB-4DC1-9C42-F11DF2526983}.Debug|Any CPU.ActiveCfg = Debug|Any CPU
		{3C6EE7E2-1AAB-4DC1-9C42-F11DF2526983}.Debug|Any CPU.Build.0 = Debug|Any CPU
		{3C6EE7E2-1AAB-4DC1-9C42-F11DF2526983}.Debug|x64.ActiveCfg = Debug|Any CPU
		{3C6EE7E2-1AAB-4DC1-9C42-F11DF2526983}.Debug|x64.Build.0 = Debug|Any CPU
		{3C6EE7E2-1AAB-4DC1-9C42-F11DF2526983}.Debug|x86.ActiveCfg = Debug|Any CPU
		{3C6EE7E2-1AAB-4DC1-9C42-F11DF2526983}.Debug|x86.Build.0 = Debug|Any CPU
		{3C6EE7E2-1AAB-4DC1-9C42-F11DF2526983}.Release|Any CPU.ActiveCfg = Release|Any CPU
		{3C6EE7E2-1AAB-4DC1-9C42-F11DF2526983}.Release|Any CPU.Build.0 = Release|Any CPU
		{3C6EE7E2-1AAB-4DC1-9C42-F11DF2526983}.Release|x64.ActiveCfg = Release|Any CPU
		{3C6EE7E2-1AAB-4DC1-9C42-F11DF2526983}.Release|x64.Build.0 = Release|Any CPU
		{3C6EE7E2-1AAB-4DC1-9C42-F11DF2526983}.Release|x86.ActiveCfg = Release|Any CPU
		{3C6EE7E2-1AAB-4DC1-9C42-F11DF2526983}.Release|x86.Build.0 = Release|Any CPU
		{CC744B09-F2B2-4C74-9417-B350885DA1FF}.Debug|Any CPU.ActiveCfg = Debug|Any CPU
		{CC744B09-F2B2-4C74-9417-B350885DA1FF}.Debug|Any CPU.Build.0 = Debug|Any CPU
		{CC744B09-F2B2-4C74-9417-B350885DA1FF}.Debug|x64.ActiveCfg = Debug|Any CPU
		{CC744B09-F2B2-4C74-9417-B350885DA1FF}.Debug|x64.Build.0 = Debug|Any CPU
		{CC744B09-F2B2-4C74-9417-B350885DA1FF}.Debug|x86.ActiveCfg = Debug|Any CPU
		{CC744B09-F2B2-4C74-9417-B350885DA1FF}.Debug|x86.Build.0 = Debug|Any CPU
		{CC744B09-F2B2-4C74-9417-B350885DA1FF}.Release|Any CPU.ActiveCfg = Release|Any CPU
		{CC744B09-F2B2-4C74-9417-B350885DA1FF}.Release|Any CPU.Build.0 = Release|Any CPU
		{CC744B09-F2B2-4C74-9417-B350885DA1FF}.Release|x64.ActiveCfg = Release|Any CPU
		{CC744B09-F2B2-4C74-9417-B350885DA1FF}.Release|x64.Build.0 = Release|Any CPU
		{CC744B09-F2B2-4C74-9417-B350885DA1FF}.Release|x86.ActiveCfg = Release|Any CPU
		{CC744B09-F2B2-4C74-9417-B350885DA1FF}.Release|x86.Build.0 = Release|Any CPU
		{B431642F-C86D-4753-A2E3-BE31AF63F56F}.Debug|Any CPU.ActiveCfg = Debug|Any CPU
		{B431642F-C86D-4753-A2E3-BE31AF63F56F}.Debug|Any CPU.Build.0 = Debug|Any CPU
		{B431642F-C86D-4753-A2E3-BE31AF63F56F}.Debug|x64.ActiveCfg = Debug|Any CPU
		{B431642F-C86D-4753-A2E3-BE31AF63F56F}.Debug|x64.Build.0 = Debug|Any CPU
		{B431642F-C86D-4753-A2E3-BE31AF63F56F}.Debug|x86.ActiveCfg = Debug|Any CPU
		{B431642F-C86D-4753-A2E3-BE31AF63F56F}.Debug|x86.Build.0 = Debug|Any CPU
		{B431642F-C86D-4753-A2E3-BE31AF63F56F}.Release|Any CPU.ActiveCfg = Release|Any CPU
		{B431642F-C86D-4753-A2E3-BE31AF63F56F}.Release|Any CPU.Build.0 = Release|Any CPU
		{B431642F-C86D-4753-A2E3-BE31AF63F56F}.Release|x64.ActiveCfg = Release|Any CPU
		{B431642F-C86D-4753-A2E3-BE31AF63F56F}.Release|x64.Build.0 = Release|Any CPU
		{B431642F-C86D-4753-A2E3-BE31AF63F56F}.Release|x86.ActiveCfg = Release|Any CPU
		{B431642F-C86D-4753-A2E3-BE31AF63F56F}.Release|x86.Build.0 = Release|Any CPU
		{AFB7BA29-C0FB-42FC-9DC4-3C308EB473F5}.Debug|Any CPU.ActiveCfg = Debug|Any CPU
		{AFB7BA29-C0FB-42FC-9DC4-3C308EB473F5}.Debug|Any CPU.Build.0 = Debug|Any CPU
		{AFB7BA29-C0FB-42FC-9DC4-3C308EB473F5}.Debug|x64.ActiveCfg = Debug|Any CPU
		{AFB7BA29-C0FB-42FC-9DC4-3C308EB473F5}.Debug|x64.Build.0 = Debug|Any CPU
		{AFB7BA29-C0FB-42FC-9DC4-3C308EB473F5}.Debug|x86.ActiveCfg = Debug|Any CPU
		{AFB7BA29-C0FB-42FC-9DC4-3C308EB473F5}.Debug|x86.Build.0 = Debug|Any CPU
		{AFB7BA29-C0FB-42FC-9DC4-3C308EB473F5}.Release|Any CPU.ActiveCfg = Release|Any CPU
		{AFB7BA29-C0FB-42FC-9DC4-3C308EB473F5}.Release|Any CPU.Build.0 = Release|Any CPU
		{AFB7BA29-C0FB-42FC-9DC4-3C308EB473F5}.Release|x64.ActiveCfg = Release|Any CPU
		{AFB7BA29-C0FB-42FC-9DC4-3C308EB473F5}.Release|x64.Build.0 = Release|Any CPU
		{AFB7BA29-C0FB-42FC-9DC4-3C308EB473F5}.Release|x86.ActiveCfg = Release|Any CPU
		{AFB7BA29-C0FB-42FC-9DC4-3C308EB473F5}.Release|x86.Build.0 = Release|Any CPU
		{378AC506-F52D-40BA-991D-700D036C0335}.Debug|Any CPU.ActiveCfg = Debug|Any CPU
		{378AC506-F52D-40BA-991D-700D036C0335}.Debug|Any CPU.Build.0 = Debug|Any CPU
		{378AC506-F52D-40BA-991D-700D036C0335}.Debug|x64.ActiveCfg = Debug|Any CPU
		{378AC506-F52D-40BA-991D-700D036C0335}.Debug|x64.Build.0 = Debug|Any CPU
		{378AC506-F52D-40BA-991D-700D036C0335}.Debug|x86.ActiveCfg = Debug|Any CPU
		{378AC506-F52D-40BA-991D-700D036C0335}.Debug|x86.Build.0 = Debug|Any CPU
		{378AC506-F52D-40BA-991D-700D036C0335}.Release|Any CPU.ActiveCfg = Release|Any CPU
		{378AC506-F52D-40BA-991D-700D036C0335}.Release|Any CPU.Build.0 = Release|Any CPU
		{378AC506-F52D-40BA-991D-700D036C0335}.Release|x64.ActiveCfg = Release|Any CPU
		{378AC506-F52D-40BA-991D-700D036C0335}.Release|x64.Build.0 = Release|Any CPU
		{378AC506-F52D-40BA-991D-700D036C0335}.Release|x86.ActiveCfg = Release|Any CPU
		{378AC506-F52D-40BA-991D-700D036C0335}.Release|x86.Build.0 = Release|Any CPU
		{1BB1FA24-3EEA-4BCD-82D9-A8EC9FAE8BFE}.Debug|Any CPU.ActiveCfg = Debug|Any CPU
		{1BB1FA24-3EEA-4BCD-82D9-A8EC9FAE8BFE}.Debug|Any CPU.Build.0 = Debug|Any CPU
		{1BB1FA24-3EEA-4BCD-82D9-A8EC9FAE8BFE}.Debug|x64.ActiveCfg = Debug|Any CPU
		{1BB1FA24-3EEA-4BCD-82D9-A8EC9FAE8BFE}.Debug|x64.Build.0 = Debug|Any CPU
		{1BB1FA24-3EEA-4BCD-82D9-A8EC9FAE8BFE}.Debug|x86.ActiveCfg = Debug|Any CPU
		{1BB1FA24-3EEA-4BCD-82D9-A8EC9FAE8BFE}.Debug|x86.Build.0 = Debug|Any CPU
		{1BB1FA24-3EEA-4BCD-82D9-A8EC9FAE8BFE}.Release|Any CPU.ActiveCfg = Release|Any CPU
		{1BB1FA24-3EEA-4BCD-82D9-A8EC9FAE8BFE}.Release|Any CPU.Build.0 = Release|Any CPU
		{1BB1FA24-3EEA-4BCD-82D9-A8EC9FAE8BFE}.Release|x64.ActiveCfg = Release|Any CPU
		{1BB1FA24-3EEA-4BCD-82D9-A8EC9FAE8BFE}.Release|x64.Build.0 = Release|Any CPU
		{1BB1FA24-3EEA-4BCD-82D9-A8EC9FAE8BFE}.Release|x86.ActiveCfg = Release|Any CPU
		{1BB1FA24-3EEA-4BCD-82D9-A8EC9FAE8BFE}.Release|x86.Build.0 = Release|Any CPU
		{03310D04-E125-45B8-9ADC-6891F904AC00}.Debug|Any CPU.ActiveCfg = Debug|Any CPU
		{03310D04-E125-45B8-9ADC-6891F904AC00}.Debug|Any CPU.Build.0 = Debug|Any CPU
		{03310D04-E125-45B8-9ADC-6891F904AC00}.Debug|x64.ActiveCfg = Debug|Any CPU
		{03310D04-E125-45B8-9ADC-6891F904AC00}.Debug|x64.Build.0 = Debug|Any CPU
		{03310D04-E125-45B8-9ADC-6891F904AC00}.Debug|x86.ActiveCfg = Debug|Any CPU
		{03310D04-E125-45B8-9ADC-6891F904AC00}.Debug|x86.Build.0 = Debug|Any CPU
		{03310D04-E125-45B8-9ADC-6891F904AC00}.Release|Any CPU.ActiveCfg = Release|Any CPU
		{03310D04-E125-45B8-9ADC-6891F904AC00}.Release|Any CPU.Build.0 = Release|Any CPU
		{03310D04-E125-45B8-9ADC-6891F904AC00}.Release|x64.ActiveCfg = Release|Any CPU
		{03310D04-E125-45B8-9ADC-6891F904AC00}.Release|x64.Build.0 = Release|Any CPU
		{03310D04-E125-45B8-9ADC-6891F904AC00}.Release|x86.ActiveCfg = Release|Any CPU
		{03310D04-E125-45B8-9ADC-6891F904AC00}.Release|x86.Build.0 = Release|Any CPU
		{3E25C944-F774-499F-89EA-354A31841C7B}.Debug|Any CPU.ActiveCfg = Debug|Any CPU
		{3E25C944-F774-499F-89EA-354A31841C7B}.Debug|Any CPU.Build.0 = Debug|Any CPU
		{3E25C944-F774-499F-89EA-354A31841C7B}.Debug|x64.ActiveCfg = Debug|Any CPU
		{3E25C944-F774-499F-89EA-354A31841C7B}.Debug|x64.Build.0 = Debug|Any CPU
		{3E25C944-F774-499F-89EA-354A31841C7B}.Debug|x86.ActiveCfg = Debug|Any CPU
		{3E25C944-F774-499F-89EA-354A31841C7B}.Debug|x86.Build.0 = Debug|Any CPU
		{3E25C944-F774-499F-89EA-354A31841C7B}.Release|Any CPU.ActiveCfg = Release|Any CPU
		{3E25C944-F774-499F-89EA-354A31841C7B}.Release|Any CPU.Build.0 = Release|Any CPU
		{3E25C944-F774-499F-89EA-354A31841C7B}.Release|x64.ActiveCfg = Release|Any CPU
		{3E25C944-F774-499F-89EA-354A31841C7B}.Release|x64.Build.0 = Release|Any CPU
		{3E25C944-F774-499F-89EA-354A31841C7B}.Release|x86.ActiveCfg = Release|Any CPU
		{3E25C944-F774-499F-89EA-354A31841C7B}.Release|x86.Build.0 = Release|Any CPU
		{CCC209C9-301D-4BC6-AD73-FA52D83DE628}.Debug|Any CPU.ActiveCfg = Debug|Any CPU
		{CCC209C9-301D-4BC6-AD73-FA52D83DE628}.Debug|Any CPU.Build.0 = Debug|Any CPU
		{CCC209C9-301D-4BC6-AD73-FA52D83DE628}.Debug|x64.ActiveCfg = Debug|Any CPU
		{CCC209C9-301D-4BC6-AD73-FA52D83DE628}.Debug|x64.Build.0 = Debug|Any CPU
		{CCC209C9-301D-4BC6-AD73-FA52D83DE628}.Debug|x86.ActiveCfg = Debug|Any CPU
		{CCC209C9-301D-4BC6-AD73-FA52D83DE628}.Debug|x86.Build.0 = Debug|Any CPU
		{CCC209C9-301D-4BC6-AD73-FA52D83DE628}.Release|Any CPU.ActiveCfg = Release|Any CPU
		{CCC209C9-301D-4BC6-AD73-FA52D83DE628}.Release|Any CPU.Build.0 = Release|Any CPU
		{CCC209C9-301D-4BC6-AD73-FA52D83DE628}.Release|x64.ActiveCfg = Release|Any CPU
		{CCC209C9-301D-4BC6-AD73-FA52D83DE628}.Release|x64.Build.0 = Release|Any CPU
		{CCC209C9-301D-4BC6-AD73-FA52D83DE628}.Release|x86.ActiveCfg = Release|Any CPU
		{CCC209C9-301D-4BC6-AD73-FA52D83DE628}.Release|x86.Build.0 = Release|Any CPU
		{DF3F0926-0058-4900-859B-6BFBC46A06B8}.Debug|Any CPU.ActiveCfg = Debug|Any CPU
		{DF3F0926-0058-4900-859B-6BFBC46A06B8}.Debug|Any CPU.Build.0 = Debug|Any CPU
		{DF3F0926-0058-4900-859B-6BFBC46A06B8}.Debug|x64.ActiveCfg = Debug|Any CPU
		{DF3F0926-0058-4900-859B-6BFBC46A06B8}.Debug|x64.Build.0 = Debug|Any CPU
		{DF3F0926-0058-4900-859B-6BFBC46A06B8}.Debug|x86.ActiveCfg = Debug|Any CPU
		{DF3F0926-0058-4900-859B-6BFBC46A06B8}.Debug|x86.Build.0 = Debug|Any CPU
		{DF3F0926-0058-4900-859B-6BFBC46A06B8}.Release|Any CPU.ActiveCfg = Release|Any CPU
		{DF3F0926-0058-4900-859B-6BFBC46A06B8}.Release|Any CPU.Build.0 = Release|Any CPU
		{DF3F0926-0058-4900-859B-6BFBC46A06B8}.Release|x64.ActiveCfg = Release|Any CPU
		{DF3F0926-0058-4900-859B-6BFBC46A06B8}.Release|x64.Build.0 = Release|Any CPU
		{DF3F0926-0058-4900-859B-6BFBC46A06B8}.Release|x86.ActiveCfg = Release|Any CPU
		{DF3F0926-0058-4900-859B-6BFBC46A06B8}.Release|x86.Build.0 = Release|Any CPU
		{C91A1E4E-8FC3-4E97-B43E-BF9F3425D11F}.Debug|Any CPU.ActiveCfg = Debug|Any CPU
		{C91A1E4E-8FC3-4E97-B43E-BF9F3425D11F}.Debug|Any CPU.Build.0 = Debug|Any CPU
		{C91A1E4E-8FC3-4E97-B43E-BF9F3425D11F}.Debug|x64.ActiveCfg = Debug|Any CPU
		{C91A1E4E-8FC3-4E97-B43E-BF9F3425D11F}.Debug|x64.Build.0 = Debug|Any CPU
		{C91A1E4E-8FC3-4E97-B43E-BF9F3425D11F}.Debug|x86.ActiveCfg = Debug|Any CPU
		{C91A1E4E-8FC3-4E97-B43E-BF9F3425D11F}.Debug|x86.Build.0 = Debug|Any CPU
		{C91A1E4E-8FC3-4E97-B43E-BF9F3425D11F}.Release|Any CPU.ActiveCfg = Release|Any CPU
		{C91A1E4E-8FC3-4E97-B43E-BF9F3425D11F}.Release|Any CPU.Build.0 = Release|Any CPU
		{C91A1E4E-8FC3-4E97-B43E-BF9F3425D11F}.Release|x64.ActiveCfg = Release|Any CPU
		{C91A1E4E-8FC3-4E97-B43E-BF9F3425D11F}.Release|x64.Build.0 = Release|Any CPU
		{C91A1E4E-8FC3-4E97-B43E-BF9F3425D11F}.Release|x86.ActiveCfg = Release|Any CPU
		{C91A1E4E-8FC3-4E97-B43E-BF9F3425D11F}.Release|x86.Build.0 = Release|Any CPU
		{91CBCEA3-69AB-4752-8369-DB7AA2A592DB}.Debug|Any CPU.ActiveCfg = Debug|Any CPU
		{91CBCEA3-69AB-4752-8369-DB7AA2A592DB}.Debug|Any CPU.Build.0 = Debug|Any CPU
		{91CBCEA3-69AB-4752-8369-DB7AA2A592DB}.Debug|x64.ActiveCfg = Debug|Any CPU
		{91CBCEA3-69AB-4752-8369-DB7AA2A592DB}.Debug|x64.Build.0 = Debug|Any CPU
		{91CBCEA3-69AB-4752-8369-DB7AA2A592DB}.Debug|x86.ActiveCfg = Debug|Any CPU
		{91CBCEA3-69AB-4752-8369-DB7AA2A592DB}.Debug|x86.Build.0 = Debug|Any CPU
		{91CBCEA3-69AB-4752-8369-DB7AA2A592DB}.Release|Any CPU.ActiveCfg = Release|Any CPU
		{91CBCEA3-69AB-4752-8369-DB7AA2A592DB}.Release|Any CPU.Build.0 = Release|Any CPU
		{91CBCEA3-69AB-4752-8369-DB7AA2A592DB}.Release|x64.ActiveCfg = Release|Any CPU
		{91CBCEA3-69AB-4752-8369-DB7AA2A592DB}.Release|x64.Build.0 = Release|Any CPU
		{91CBCEA3-69AB-4752-8369-DB7AA2A592DB}.Release|x86.ActiveCfg = Release|Any CPU
		{91CBCEA3-69AB-4752-8369-DB7AA2A592DB}.Release|x86.Build.0 = Release|Any CPU
		{941ABDB3-59B9-4D65-AA51-65E2A8E597C5}.Debug|Any CPU.ActiveCfg = Debug|Any CPU
		{941ABDB3-59B9-4D65-AA51-65E2A8E597C5}.Debug|Any CPU.Build.0 = Debug|Any CPU
		{941ABDB3-59B9-4D65-AA51-65E2A8E597C5}.Debug|x64.ActiveCfg = Debug|Any CPU
		{941ABDB3-59B9-4D65-AA51-65E2A8E597C5}.Debug|x64.Build.0 = Debug|Any CPU
		{941ABDB3-59B9-4D65-AA51-65E2A8E597C5}.Debug|x86.ActiveCfg = Debug|Any CPU
		{941ABDB3-59B9-4D65-AA51-65E2A8E597C5}.Debug|x86.Build.0 = Debug|Any CPU
		{941ABDB3-59B9-4D65-AA51-65E2A8E597C5}.Release|Any CPU.ActiveCfg = Release|Any CPU
		{941ABDB3-59B9-4D65-AA51-65E2A8E597C5}.Release|Any CPU.Build.0 = Release|Any CPU
		{941ABDB3-59B9-4D65-AA51-65E2A8E597C5}.Release|x64.ActiveCfg = Release|Any CPU
		{941ABDB3-59B9-4D65-AA51-65E2A8E597C5}.Release|x64.Build.0 = Release|Any CPU
		{941ABDB3-59B9-4D65-AA51-65E2A8E597C5}.Release|x86.ActiveCfg = Release|Any CPU
		{941ABDB3-59B9-4D65-AA51-65E2A8E597C5}.Release|x86.Build.0 = Release|Any CPU
		{2E3A2742-5351-45D6-B87E-0799E128709A}.Debug|Any CPU.ActiveCfg = Debug|Any CPU
		{2E3A2742-5351-45D6-B87E-0799E128709A}.Debug|Any CPU.Build.0 = Debug|Any CPU
		{2E3A2742-5351-45D6-B87E-0799E128709A}.Debug|x64.ActiveCfg = Debug|Any CPU
		{2E3A2742-5351-45D6-B87E-0799E128709A}.Debug|x64.Build.0 = Debug|Any CPU
		{2E3A2742-5351-45D6-B87E-0799E128709A}.Debug|x86.ActiveCfg = Debug|Any CPU
		{2E3A2742-5351-45D6-B87E-0799E128709A}.Debug|x86.Build.0 = Debug|Any CPU
		{2E3A2742-5351-45D6-B87E-0799E128709A}.Release|Any CPU.ActiveCfg = Release|Any CPU
		{2E3A2742-5351-45D6-B87E-0799E128709A}.Release|Any CPU.Build.0 = Release|Any CPU
		{2E3A2742-5351-45D6-B87E-0799E128709A}.Release|x64.ActiveCfg = Release|Any CPU
		{2E3A2742-5351-45D6-B87E-0799E128709A}.Release|x64.Build.0 = Release|Any CPU
		{2E3A2742-5351-45D6-B87E-0799E128709A}.Release|x86.ActiveCfg = Release|Any CPU
		{2E3A2742-5351-45D6-B87E-0799E128709A}.Release|x86.Build.0 = Release|Any CPU
		{E4668C93-AD7A-4EA6-BB2D-AD418C3BD3CE}.Debug|Any CPU.ActiveCfg = Debug|Any CPU
		{E4668C93-AD7A-4EA6-BB2D-AD418C3BD3CE}.Debug|Any CPU.Build.0 = Debug|Any CPU
		{E4668C93-AD7A-4EA6-BB2D-AD418C3BD3CE}.Debug|x64.ActiveCfg = Debug|Any CPU
		{E4668C93-AD7A-4EA6-BB2D-AD418C3BD3CE}.Debug|x64.Build.0 = Debug|Any CPU
		{E4668C93-AD7A-4EA6-BB2D-AD418C3BD3CE}.Debug|x86.ActiveCfg = Debug|Any CPU
		{E4668C93-AD7A-4EA6-BB2D-AD418C3BD3CE}.Debug|x86.Build.0 = Debug|Any CPU
		{E4668C93-AD7A-4EA6-BB2D-AD418C3BD3CE}.Release|Any CPU.ActiveCfg = Release|Any CPU
		{E4668C93-AD7A-4EA6-BB2D-AD418C3BD3CE}.Release|Any CPU.Build.0 = Release|Any CPU
		{E4668C93-AD7A-4EA6-BB2D-AD418C3BD3CE}.Release|x64.ActiveCfg = Release|Any CPU
		{E4668C93-AD7A-4EA6-BB2D-AD418C3BD3CE}.Release|x64.Build.0 = Release|Any CPU
		{E4668C93-AD7A-4EA6-BB2D-AD418C3BD3CE}.Release|x86.ActiveCfg = Release|Any CPU
		{E4668C93-AD7A-4EA6-BB2D-AD418C3BD3CE}.Release|x86.Build.0 = Release|Any CPU
		{ABE7E9A5-5AFD-493D-ADE5-5918F197FBA1}.Debug|Any CPU.ActiveCfg = Debug|Any CPU
		{ABE7E9A5-5AFD-493D-ADE5-5918F197FBA1}.Debug|Any CPU.Build.0 = Debug|Any CPU
		{ABE7E9A5-5AFD-493D-ADE5-5918F197FBA1}.Debug|x64.ActiveCfg = Debug|Any CPU
		{ABE7E9A5-5AFD-493D-ADE5-5918F197FBA1}.Debug|x64.Build.0 = Debug|Any CPU
		{ABE7E9A5-5AFD-493D-ADE5-5918F197FBA1}.Debug|x86.ActiveCfg = Debug|Any CPU
		{ABE7E9A5-5AFD-493D-ADE5-5918F197FBA1}.Debug|x86.Build.0 = Debug|Any CPU
		{ABE7E9A5-5AFD-493D-ADE5-5918F197FBA1}.Release|Any CPU.ActiveCfg = Release|Any CPU
		{ABE7E9A5-5AFD-493D-ADE5-5918F197FBA1}.Release|Any CPU.Build.0 = Release|Any CPU
		{ABE7E9A5-5AFD-493D-ADE5-5918F197FBA1}.Release|x64.ActiveCfg = Release|Any CPU
		{ABE7E9A5-5AFD-493D-ADE5-5918F197FBA1}.Release|x64.Build.0 = Release|Any CPU
		{ABE7E9A5-5AFD-493D-ADE5-5918F197FBA1}.Release|x86.ActiveCfg = Release|Any CPU
		{ABE7E9A5-5AFD-493D-ADE5-5918F197FBA1}.Release|x86.Build.0 = Release|Any CPU
		{F91B24CC-EF79-4866-B93C-292BAEBC20A2}.Debug|Any CPU.ActiveCfg = Debug|Any CPU
		{F91B24CC-EF79-4866-B93C-292BAEBC20A2}.Debug|Any CPU.Build.0 = Debug|Any CPU
		{F91B24CC-EF79-4866-B93C-292BAEBC20A2}.Debug|x64.ActiveCfg = Debug|Any CPU
		{F91B24CC-EF79-4866-B93C-292BAEBC20A2}.Debug|x64.Build.0 = Debug|Any CPU
		{F91B24CC-EF79-4866-B93C-292BAEBC20A2}.Debug|x86.ActiveCfg = Debug|Any CPU
		{F91B24CC-EF79-4866-B93C-292BAEBC20A2}.Debug|x86.Build.0 = Debug|Any CPU
		{F91B24CC-EF79-4866-B93C-292BAEBC20A2}.Release|Any CPU.ActiveCfg = Release|Any CPU
		{F91B24CC-EF79-4866-B93C-292BAEBC20A2}.Release|Any CPU.Build.0 = Release|Any CPU
		{F91B24CC-EF79-4866-B93C-292BAEBC20A2}.Release|x64.ActiveCfg = Release|Any CPU
		{F91B24CC-EF79-4866-B93C-292BAEBC20A2}.Release|x64.Build.0 = Release|Any CPU
		{F91B24CC-EF79-4866-B93C-292BAEBC20A2}.Release|x86.ActiveCfg = Release|Any CPU
		{F91B24CC-EF79-4866-B93C-292BAEBC20A2}.Release|x86.Build.0 = Release|Any CPU
	EndGlobalSection
	GlobalSection(SolutionProperties) = preSolution
		HideSolutionNode = FALSE
	EndGlobalSection
	GlobalSection(NestedProjects) = preSolution
		{91CBCEA3-69AB-4752-8369-DB7AA2A592DB} = {F8A46F07-1CC6-46BC-BA34-E6F6E735E7A1}
		{2E3A2742-5351-45D6-B87E-0799E128709A} = {F8A46F07-1CC6-46BC-BA34-E6F6E735E7A1}
		{3E25C944-F774-499F-89EA-354A31841C7B} = {319E3873-5701-450B-A76D-C0B8DC282839}
		{1BB1FA24-3EEA-4BCD-82D9-A8EC9FAE8BFE} = {319E3873-5701-450B-A76D-C0B8DC282839}
		{CCC209C9-301D-4BC6-AD73-FA52D83DE628} = {319E3873-5701-450B-A76D-C0B8DC282839}
		{03310D04-E125-45B8-9ADC-6891F904AC00} = {319E3873-5701-450B-A76D-C0B8DC282839}
		{C91A1E4E-8FC3-4E97-B43E-BF9F3425D11F} = {B36A84DF-456D-A817-6EDD-3EC3E7F6E11F}
	EndGlobalSection
EndGlobal
