# This file is automatically @generated by Cargo.
# It is not intended for manual editing.
version = 4

[[package]]
name = "centralservice_client"
version = "0.1.0"

[[package]]
name = "centralservice_sdk_e2e"
version = "0.1.0"
dependencies = [
 "centralservice_client",
 "centralservice_service",
]

[[package]]
name = "centralservice_service"
version = "0.1.0"
